<?xml version="1.0" encoding="utf-8"?>
<Project ToolsVersion="4.0" xmlns="http://schemas.microsoft.com/developer/msbuild/2003">
  <ItemGroup>
    <Filter Include="Arquivos de Origem"><UniqueIdentifier>{4FC737F1-C7A5-4376-A066-2A32D752A2FF}</UniqueIdentifier><Extensions>cpp;c;cc;cxx;c++;cppm;ixx;def;odl;idl;hpj;bat;asm;asmx</Extensions></Filter>
    <Filter Include="Arquivos de Cabeçalho"><UniqueIdentifier>{93995380-89BD-4b04-88EB-625FBE52EBFB}</UniqueIdentifier><Extensions>h;hh;hpp;hxx;h++;hm;inl;inc;ipp;xsd</Extensions></Filter>
    <Filter Include="Arquivos de Recurso"><UniqueIdentifier>{67DA6AB6-F800-4c08-8B7A-83BB121AAD01}</UniqueIdentifier><Extensions>rc;ico;cur;bmp;dlg;rc2;rct;bin;rgs;gif;jpg;jpeg;jpe;resx;tiff;tif;png;wav;mfcribbon-ms</Extensions></Filter>
    <Filter Include="Arquivos de Origem\imgui"><UniqueIdentifier>{18430595-cef9-4ef8-8ec5-c5634c20954b}</UniqueIdentifier></Filter>
    <Filter Include="Arquivos de Cabeçalho\imgui"><UniqueIdentifier>{2a1a2490-f226-4825-a849-90fff0dc621e}</UniqueIdentifier></Filter>
    <Filter Include="Arquivos de Cabeçalho\imgui\backends"><UniqueIdentifier>{5a74a952-e827-45e9-b004-d93bf50ca002}</UniqueIdentifier></Filter>
    <Filter Include="Arquivos de Origem\imgui\backends"><UniqueIdentifier>{db1e898a-33ed-4eed-8f38-d995a22530c4}</UniqueIdentifier></Filter>
  </ItemGroup>
  <ItemGroup>
    <ClCompile Include="..\..\Libs\imgui\imgui.cpp"><Filter>Arquivos de Origem\imgui</Filter></ClCompile>
    <ClCompile Include="..\..\Libs\imgui\imgui_draw.cpp"><Filter>Arquivos de Origem\imgui</Filter></ClCompile>
    <ClCompile Include="..\..\Libs\imgui\imgui_tables.cpp"><Filter>Arquivos de Origem\imgui</Filter></ClCompile>
    <ClCompile Include="..\..\Libs\imgui\imgui_widgets.cpp"><Filter>Arquivos de Origem\imgui</Filter></ClCompile>
    <ClCompile Include="..\..\Libs\imgui\backends\imgui_impl_dx9.cpp"><Filter>Arquivos de Origem\imgui\backends</Filter></ClCompile>
    <ClCompile Include="..\..\Libs\imgui\backends\imgui_impl_win32.cpp"><Filter>Arquivos de Origem\imgui\backends</Filter></ClCompile>
    <ClCompile Include="Config.cpp"><Filter>Arquivos de Origem</Filter></ClCompile>
    <ClCompile Include="Crypt.cpp"><Filter>Arquivos de Origem</Filter></ClCompile>
    <ClCompile Include="DownloadManager.cpp"><Filter>Arquivos de Origem</Filter></ClCompile>
    <ClCompile Include="DownloadPolicy.cpp"><Filter>Arquivos de Origem</Filter></ClCompile>
    <ClCompile Include="DownloadTelemetry.cpp"><Filter>Arquivos de Origem</Filter></ClCompile>
    <ClCompile Include="EndpointManager.cpp"><Filter>Arquivos de Origem</Filter></ClCompile>
    <ClCompile Include="FileVerifier.cpp"><Filter>Arquivos de Origem</Filter></ClCompile>
    <ClCompile Include="GameLauncher.cpp"><Filter>Arquivos de Origem</Filter></ClCompile>
    <ClCompile Include="Helper.cpp"><Filter>Arquivos de Origem</Filter></ClCompile>
    <ClCompile Include="Integrity.cpp"><Filter>Arquivos de Origem</Filter></ClCompile>
    <ClCompile Include="Language.cpp"><Filter>Arquivos de Origem</Filter></ClCompile>
    <ClCompile Include="LauncherApplication.cpp"><Filter>Arquivos de Origem</Filter></ClCompile>
    <ClCompile Include="LauncherPresenter.cpp"><Filter>Arquivos de Origem</Filter></ClCompile>
    <ClCompile Include="Logger.cpp"><Filter>Arquivos de Origem</Filter></ClCompile>
    <ClCompile Include="LauncherState.cpp"><Filter>Arquivos de Origem</Filter></ClCompile>
    <ClCompile Include="LauncherUpdater.cpp"><Filter>Arquivos de Origem</Filter></ClCompile>
    <ClCompile Include="LauncherView.cpp"><Filter>Arquivos de Origem</Filter></ClCompile>
    <ClCompile Include="LauncherWebView.cpp"><Filter>Arquivos de Origem</Filter></ClCompile>
    <ClCompile Include="LauncherWindow.cpp"><Filter>Arquivos de Origem</Filter></ClCompile>
    <ClCompile Include="Main.cpp"><Filter>Arquivos de Origem</Filter></ClCompile>
    <ClCompile Include="ManifestManager.cpp"><Filter>Arquivos de Origem</Filter></ClCompile>
    <ClCompile Include="ManifestSecurity.cpp"><Filter>Arquivos de Origem</Filter></ClCompile>
    <ClCompile Include="RendererD3D9.cpp"><Filter>Arquivos de Origem</Filter></ClCompile>
    <ClCompile Include="TextureManager.cpp"><Filter>Arquivos de Origem</Filter></ClCompile>
    <ClCompile Include="UpdateCoordinator.cpp"><Filter>Arquivos de Origem</Filter></ClCompile>
    <ClCompile Include="UpdateInstaller.cpp"><Filter>Arquivos de Origem</Filter></ClCompile>
    <ClCompile Include="VersionManager.cpp"><Filter>Arquivos de Origem</Filter></ClCompile>
  </ItemGroup>
  <ItemGroup>
    <ClInclude Include="..\..\Libs\imgui\imconfig.h"><Filter>Arquivos de Cabeçalho\imgui</Filter></ClInclude>
    <ClInclude Include="..\..\Libs\imgui\imgui.h"><Filter>Arquivos de Cabeçalho\imgui</Filter></ClInclude>
    <ClInclude Include="..\..\Libs\imgui\imgui_internal.h"><Filter>Arquivos de Cabeçalho\imgui</Filter></ClInclude>
    <ClInclude Include="..\..\Libs\imgui\imstb_rectpack.h"><Filter>Arquivos de Cabeçalho\imgui</Filter></ClInclude>
    <ClInclude Include="..\..\Libs\imgui\imstb_textedit.h"><Filter>Arquivos de Cabeçalho\imgui</Filter></ClInclude>
    <ClInclude Include="..\..\Libs\imgui\imstb_truetype.h"><Filter>Arquivos de Cabeçalho\imgui</Filter></ClInclude>
    <ClInclude Include="..\..\Libs\imgui\backends\imgui_impl_dx9.h"><Filter>Arquivos de Cabeçalho\imgui\backends</Filter></ClInclude>
    <ClInclude Include="..\..\Libs\imgui\backends\imgui_impl_win32.h"><Filter>Arquivos de Cabeçalho\imgui\backends</Filter></ClInclude>
    <ClInclude Include="..\..\Libs\imgui\stb_image.h"><Filter>Arquivos de Cabeçalho\imgui</Filter></ClInclude>
    <ClInclude Include="Config.h"><Filter>Arquivos de Cabeçalho</Filter></ClInclude>
    <ClInclude Include="Crypt.h"><Filter>Arquivos de Cabeçalho</Filter></ClInclude>
    <ClInclude Include="DownloadManager.h"><Filter>Arquivos de Cabeçalho</Filter></ClInclude>
    <ClInclude Include="DownloadPolicy.h"><Filter>Arquivos de Cabeçalho</Filter></ClInclude>
    <ClInclude Include="DownloadTelemetry.h"><Filter>Arquivos de Cabeçalho</Filter></ClInclude>
    <ClInclude Include="EndpointManager.h"><Filter>Arquivos de Cabeçalho</Filter></ClInclude>
    <ClInclude Include="FileVerifier.h"><Filter>Arquivos de Cabeçalho</Filter></ClInclude>
    <ClInclude Include="GameLauncher.h"><Filter>Arquivos de Cabeçalho</Filter></ClInclude>
    <ClInclude Include="Helper.h"><Filter>Arquivos de Cabeçalho</Filter></ClInclude>
    <ClInclude Include="httplib.h"><Filter>Arquivos de Cabeçalho</Filter></ClInclude>
    <ClInclude Include="Integrity.h"><Filter>Arquivos de Cabeçalho</Filter></ClInclude>
    <ClInclude Include="Language.h"><Filter>Arquivos de Cabeçalho</Filter></ClInclude>
    <ClInclude Include="LauncherApplication.h"><Filter>Arquivos de Cabeçalho</Filter></ClInclude>
    <ClInclude Include="LauncherPresenter.h"><Filter>Arquivos de Cabeçalho</Filter></ClInclude>
    <ClInclude Include="Logger.h"><Filter>Arquivos de Cabeçalho</Filter></ClInclude>
    <ClInclude Include="LauncherState.h"><Filter>Arquivos de Cabeçalho</Filter></ClInclude>
    <ClInclude Include="LauncherUpdater.h"><Filter>Arquivos de Cabeçalho</Filter></ClInclude>
    <ClInclude Include="LauncherView.h"><Filter>Arquivos de Cabeçalho</Filter></ClInclude>
    <ClInclude Include="LauncherWebView.h"><Filter>Arquivos de Cabeçalho</Filter></ClInclude>
    <ClInclude Include="LauncherWindow.h"><Filter>Arquivos de Cabeçalho</Filter></ClInclude>
    <ClInclude Include="ManifestManager.h"><Filter>Arquivos de Cabeçalho</Filter></ClInclude>
    <ClInclude Include="ManifestSecurity.h"><Filter>Arquivos de Cabeçalho</Filter></ClInclude>
    <ClInclude Include="RendererD3D9.h"><Filter>Arquivos de Cabeçalho</Filter></ClInclude>
    <ClInclude Include="resource.h"><Filter>Arquivos de Cabeçalho</Filter></ClInclude>
    <ClInclude Include="TextureManager.h"><Filter>Arquivos de Cabeçalho</Filter></ClInclude>
    <ClInclude Include="UpdateCoordinator.h"><Filter>Arquivos de Cabeçalho</Filter></ClInclude>
    <ClInclude Include="UpdateInstaller.h"><Filter>Arquivos de Cabeçalho</Filter></ClInclude>
    <ClInclude Include="UpdateTypes.h"><Filter>Arquivos de Cabeçalho</Filter></ClInclude>
    <ClInclude Include="VersionManager.h"><Filter>Arquivos de Cabeçalho</Filter></ClInclude>
  </ItemGroup>
  <ItemGroup><ResourceCompile Include="NewLauncher.rc"><Filter>Arquivos de Recurso</Filter></ResourceCompile></ItemGroup>
  <ItemGroup><None Include="packages.config" /></ItemGroup>
</Project>
